
Microsoft Visual Studio Solution File, Format Version 12.00
# Visual Studio Version 16
VisualStudioVersion = 16.0.29926.136
MinimumVisualStudioVersion = 10.0.40219.1
Project("{FAE04EC0-301F-11D3-BF4B-00C04F79EFBC}") = "GrpcGreeter", "GrpcGreeter.csproj", "{31B5CA43-3B48-4FD7-952D-CA9BC2381890}"
EndProject
Global
	GlobalSection(SolutionConfigurationPlatforms) = preSolution
		Debug|Any CPU = Debug|Any CPU
		Release|Any CPU = Release|Any CPU
	EndGlobalSection
	GlobalSection(ProjectConfigurationPlatforms) = postSolution
		{31B5CA43-3B48-4FD7-952D-CA9BC2381890}.Debug|Any CPU.ActiveCfg = Debug|Any CPU
		{31B5CA43-3B48-4FD7-952D-CA9BC2381890}.Debug|Any CPU.Build.0 = Debug|Any CPU
		{31B5CA43-3B48-4FD7-952D-CA9BC2381890}.Release|Any CPU.ActiveCfg = Release|Any CPU
		{31B5CA43-3B48-4FD7-952D-CA9BC2381890}.Release|Any CPU.Build.0 = Release|Any CPU
	EndGlobalSection
	GlobalSection(SolutionProperties) = preSolution
		HideSolutionNode = FALSE
	EndGlobalSection
	GlobalSection(ExtensibilityGlobals) = postSolution
		SolutionGuid = {2AB64971-E776-4703-A4AF-B8ED3EA1021B}
	EndGlobalSection
EndGlobal
